
Microsoft Visual Studio Solution File, Format Version 12.00
# Visual Studio Version 16
VisualStudioVersion = 16.0.30128.74
MinimumVisualStudioVersion = 10.0.40219.1
Project("{FAE04EC0-301F-11D3-BF4B-00C04F79EFBC}") = "Deliverable_One", "Deliverable_One\Deliverable_One.csproj", "{26B1F574-30EB-4571-8058-BE04269367E6}"
EndProject
Global
	GlobalSection(SolutionConfigurationPlatforms) = preSolution
		Debug|Any CPU = Debug|Any CPU
		Release|Any CPU = Release|Any CPU
	EndGlobalSection
	GlobalSection(ProjectConfigurationPlatforms) = postSolution
		{26B1F574-30EB-4571-8058-BE04269367E6}.Debug|Any CPU.ActiveCfg = Debug|Any CPU
		{26B1F574-30EB-4571-8058-BE04269367E6}.Debug|Any CPU.Build.0 = Debug|Any CPU
		{26B1F574-30EB-4571-8058-BE04269367E6}.Release|Any CPU.ActiveCfg = Release|Any CPU
		{26B1F574-30EB-4571-8058-BE04269367E6}.Release|Any CPU.Build.0 = Release|Any CPU
	EndGlobalSection
	GlobalSection(SolutionProperties) = preSolution
		HideSolutionNode = FALSE
	EndGlobalSection
	GlobalSection(ExtensibilityGlobals) = postSolution
		SolutionGuid = {8029E7B2-7569-4ACB-BE58-D15928A0CD2A}
	EndGlobalSection
EndGlobal
